{
  "nodes": {
    "flake-utils": {
      "locked": {
        "lastModified": 1631561581,
        "narHash": "sha256-3VQMV5zvxaVLvqqUrNz3iJelLw30mIVSfZmAaauM3dA=",
        "owner": "numtide",
        "repo": "flake-utils",
        "rev": "7e5bf3925f6fbdfaf50a2a7ca0be2879c4261d19",
        "type": "github"
      },
      "original": {
        "owner": "numtide",
        "repo": "flake-utils",
        "type": "github"
      }
    },
    "frix": {
      "inputs": {
        "flake-utils": [
          "flake-utils"
        ],
        "home-manager": [
          "home-manager"
        ],
        "nixos-hardware": [
          "nixos-hardware"
        ],
        "nixpkgs": [
          "nixpkgs"
        ],
        "nixpkgs-master": [
          "nixpkgs-master"
        ]
      },
      "locked": {
        "lastModified": 1634281170,
        "narHash": "sha256-YMKfgYgheTCHGEgqCu43Gf/lZuXE0UYd6yPHqN9EiT8=",
        "ref": "master",
        "rev": "559b57f464b7f6dbeb456b279311c05750a5aa6f",
        "revCount": 142,
        "type": "git",
        "url": "https://git.fraam.de/fraam/frix"
      },
      "original": {
        "type": "git",
        "url": "https://git.fraam.de/fraam/frix"
      }
    },
    "home-manager": {
      "inputs": {
        "nixpkgs": [
          "nixpkgs"
        ]
      },
      "locked": {
        "lastModified": 1633596850,
        "narHash": "sha256-5+qVLYvfOropjLAvpQs/APtD8eYnEIbAd9a36lGHZM0=",
        "owner": "nix-community",
        "repo": "home-manager",
        "rev": "49695f33aac22358b59e49c94fe6472218e5d766",
        "type": "github"
      },
      "original": {
        "owner": "nix-community",
        "ref": "release-21.05",
        "repo": "home-manager",
        "type": "github"
      }
    },
    "nixos-hardware": {
      "locked": {
        "lastModified": 1633793047,
        "narHash": "sha256-XSMlHMVPKwcEqyHGdFj/ZeGMeZeKNwVExOfLlxcg4oE=",
        "owner": "NixOS",
        "repo": "nixos-hardware",
        "rev": "3aabf78bfcae62f5f99474f2ebbbe418f1c6e54f",
        "type": "github"
      },
      "original": {
        "owner": "NixOS",
        "ref": "master",
        "repo": "nixos-hardware",
        "type": "github"
      }
    },
    "nixpkgs": {
      "locked": {
        "lastModified": 1634327140,
        "narHash": "sha256-d5L7oMjUVC6VU0cQMsF0tceAPkmzuAQ51DWBFNChbEQ=",
        "owner": "NixOS",
        "repo": "nixpkgs",
        "rev": "83667ff60a88e22b76ef4b0bdf5334670b39c2b6",
        "type": "github"
      },
      "original": {
        "owner": "NixOS",
        "ref": "nixos-21.05",
        "repo": "nixpkgs",
        "type": "github"
      }
    },
    "nixpkgs-master": {
      "locked": {
        "lastModified": 1634537726,
        "narHash": "sha256-vxddQ045o8cqWIKwK2aSB6mrvHaUYbl6ukqfExaBltM=",
        "owner": "NixOS",
        "repo": "nixpkgs",
        "rev": "46648dff3ee1eea853becf394fc956b668060ee7",
        "type": "github"
      },
      "original": {
        "owner": "NixOS",
        "ref": "master",
        "repo": "nixpkgs",
        "type": "github"
      }
    },
    "nur": {
      "locked": {
        "lastModified": 1634533111,
        "narHash": "sha256-51rucUc1XTh0w/QPzu78RhgRjCYWFKt/WR3m5zMTqxE=",
        "owner": "nix-community",
        "repo": "NUR",
        "rev": "5e1d522965532b7659325338cf1ea2fb9d6cba1c",
        "type": "github"
      },
      "original": {
        "owner": "nix-community",
        "repo": "NUR",
        "type": "github"
      }
    },
    "root": {
      "inputs": {
        "flake-utils": "flake-utils",
        "frix": "frix",
        "home-manager": "home-manager",
        "nixos-hardware": "nixos-hardware",
        "nixpkgs": "nixpkgs",
        "nixpkgs-master": "nixpkgs-master",
        "nur": "nur"
      }
    }
  },
  "root": "root",
  "version": 7
}
