git.nerdworks.de/nerdworks/ptsd v0.0.0-20201006101238-8375028c99dd h1:LVMnGTfVpYyEfIIgjxqfWd+plcNWJGwAAyhejTb9/OA=
github.com/godbus/dbus/v5 v5.0.3 h1:ZqHaoEF7TBzh4jzPmqVhE/5A1z9of6orkAe5uHoAeME=
github.com/godbus/dbus/v5 v5.0.3/go.mod h1:xhWf0FNVPg57R7Z0UbKHbJfkEywrmjJnf7w5xrFpKfA=
github.com/writeas/go-strip-markdown v2.0.1+incompatible h1:IIqxTM5Jr7RzhigcL6FkrCNfXkvbR+Nbu1ls48pXYcw=
github.com/writeas/go-strip-markdown v2.0.1+incompatible/go.mod h1:Rsyu10ZhbEK9pXdk8V6MVnZmTzRG0alMNLMwa0J01fE=
